// !$*UTF8*$!
{
	archiveVersion = 1;
	classes = {
	};
	objectVersion = 56;
	objects = {

/* Begin PBXBuildFile section */
		443EF4A12BF3E1E1005C1C6D /* AddLSCTViewController.swift in Sources */ = {isa = PBXBuildFile; fileRef = 443EF4A02BF3E1E1005C1C6D /* AddLSCTViewController.swift */; };
		443EF4AC2BF43EC0005C1C6D /* Container+CoreDataClass.swift in Sources */ = {isa = PBXBuildFile; fileRef = 443EF4A22BF43EC0005C1C6D /* Container+CoreDataClass.swift */; };
		443EF4AD2BF43EC0005C1C6D /* Container+CoreDataProperties.swift in Sources */ = {isa = PBXBuildFile; fileRef = 443EF4A32BF43EC0005C1C6D /* Container+CoreDataProperties.swift */; };
		443EF4AE2BF43EC0005C1C6D /* Location+CoreDataClass.swift in Sources */ = {isa = PBXBuildFile; fileRef = 443EF4A42BF43EC0005C1C6D /* Location+CoreDataClass.swift */; };
		443EF4AF2BF43EC0005C1C6D /* Location+CoreDataProperties.swift in Sources */ = {isa = PBXBuildFile; fileRef = 443EF4A52BF43EC0005C1C6D /* Location+CoreDataProperties.swift */; };
		443EF4B02BF43EC0005C1C6D /* Section+CoreDataClass.swift in Sources */ = {isa = PBXBuildFile; fileRef = 443EF4A62BF43EC0005C1C6D /* Section+CoreDataClass.swift */; };
		443EF4B12BF43EC0005C1C6D /* Section+CoreDataProperties.swift in Sources */ = {isa = PBXBuildFile; fileRef = 443EF4A72BF43EC0005C1C6D /* Section+CoreDataProperties.swift */; };
		443EF4B22BF43EC0005C1C6D /* Tag+CoreDataClass.swift in Sources */ = {isa = PBXBuildFile; fileRef = 443EF4A82BF43EC0005C1C6D /* Tag+CoreDataClass.swift */; };
		443EF4B32BF43EC0005C1C6D /* Tag+CoreDataProperties.swift in Sources */ = {isa = PBXBuildFile; fileRef = 443EF4A92BF43EC0005C1C6D /* Tag+CoreDataProperties.swift */; };
		443EF4B42BF43EC0005C1C6D /* Item+CoreDataClass.swift in Sources */ = {isa = PBXBuildFile; fileRef = 443EF4AA2BF43EC0005C1C6D /* Item+CoreDataClass.swift */; };
		443EF4B52BF43EC0005C1C6D /* Item+CoreDataProperties.swift in Sources */ = {isa = PBXBuildFile; fileRef = 443EF4AB2BF43EC0005C1C6D /* Item+CoreDataProperties.swift */; };
		443EF4B72BF45C64005C1C6D /* AddLocationViewController.swift in Sources */ = {isa = PBXBuildFile; fileRef = 443EF4B62BF45C64005C1C6D /* AddLocationViewController.swift */; };
		443EF4B92BF45CFA005C1C6D /* AddSectionViewController.swift in Sources */ = {isa = PBXBuildFile; fileRef = 443EF4B82BF45CFA005C1C6D /* AddSectionViewController.swift */; };
		443EF4BB2BF46106005C1C6D /* AddContainerViewController.swift in Sources */ = {isa = PBXBuildFile; fileRef = 443EF4BA2BF46106005C1C6D /* AddContainerViewController.swift */; };
		443EF4BD2BF46139005C1C6D /* AddContainerTableViewCell.swift in Sources */ = {isa = PBXBuildFile; fileRef = 443EF4BC2BF46139005C1C6D /* AddContainerTableViewCell.swift */; };
		443EF4BF2BF4616D005C1C6D /* AddLocationTableViewCell.swift in Sources */ = {isa = PBXBuildFile; fileRef = 443EF4BE2BF4616D005C1C6D /* AddLocationTableViewCell.swift */; };
		443EF4C12BF46183005C1C6D /* AddSectionTableViewCell.swift in Sources */ = {isa = PBXBuildFile; fileRef = 443EF4C02BF46183005C1C6D /* AddSectionTableViewCell.swift */; };
		4478D1222BF3085700F86393 /* LocationViewController.swift in Sources */ = {isa = PBXBuildFile; fileRef = 4478D1212BF3085700F86393 /* LocationViewController.swift */; };
		4478D1242BF3088300F86393 /* SectionViewController.swift in Sources */ = {isa = PBXBuildFile; fileRef = 4478D1232BF3088300F86393 /* SectionViewController.swift */; };
		4478D1262BF3094B00F86393 /* ContainerViewController.swift in Sources */ = {isa = PBXBuildFile; fileRef = 4478D1252BF3094B00F86393 /* ContainerViewController.swift */; };
		4478D1282BF309F400F86393 /* ItemViewController.swift in Sources */ = {isa = PBXBuildFile; fileRef = 4478D1272BF309F400F86393 /* ItemViewController.swift */; };
		4478D12A2BF30DEB00F86393 /* EditItemViewController.swift in Sources */ = {isa = PBXBuildFile; fileRef = 4478D1292BF30DEB00F86393 /* EditItemViewController.swift */; };
		4478D12C2BF317F600F86393 /* LocationTableViewCell.swift in Sources */ = {isa = PBXBuildFile; fileRef = 4478D12B2BF317F600F86393 /* LocationTableViewCell.swift */; };
		4478D12E2BF3200E00F86393 /* SectionTableViewCell.swift in Sources */ = {isa = PBXBuildFile; fileRef = 4478D12D2BF3200E00F86393 /* SectionTableViewCell.swift */; };
		4478D1302BF3480500F86393 /* ContainerTableViewCell.swift in Sources */ = {isa = PBXBuildFile; fileRef = 4478D12F2BF3480500F86393 /* ContainerTableViewCell.swift */; };
		4478D1322BF34CDE00F86393 /* ItemTableViewCell.swift in Sources */ = {isa = PBXBuildFile; fileRef = 4478D1312BF34CDE00F86393 /* ItemTableViewCell.swift */; };
		4478D1342BF3649500F86393 /* SearchItemTableViewCell.swift in Sources */ = {isa = PBXBuildFile; fileRef = 4478D1332BF3649500F86393 /* SearchItemTableViewCell.swift */; };
		44869F702BEAD74800EFF877 /* AppDelegate.swift in Sources */ = {isa = PBXBuildFile; fileRef = 44869F6F2BEAD74800EFF877 /* AppDelegate.swift */; };
		44869F722BEAD74800EFF877 /* SceneDelegate.swift in Sources */ = {isa = PBXBuildFile; fileRef = 44869F712BEAD74800EFF877 /* SceneDelegate.swift */; };
		44869F772BEAD74800EFF877 /* Base in Resources */ = {isa = PBXBuildFile; fileRef = 44869F762BEAD74800EFF877 /* Base */; };
		44869F7A2BEAD74800EFF877 /* SmallBusinessInventoryApp.xcdatamodeld in Sources */ = {isa = PBXBuildFile; fileRef = 44869F782BEAD74800EFF877 /* SmallBusinessInventoryApp.xcdatamodeld */; };
		44869F7C2BEAD74F00EFF877 /* Assets.xcassets in Resources */ = {isa = PBXBuildFile; fileRef = 44869F7B2BEAD74F00EFF877 /* Assets.xcassets */; };
		44869F7F2BEAD74F00EFF877 /* Base in Resources */ = {isa = PBXBuildFile; fileRef = 44869F7E2BEAD74F00EFF877 /* Base */; };
		44869F972BEB642000EFF877 /* SearchItemViewController.swift in Sources */ = {isa = PBXBuildFile; fileRef = 44869F962BEB642000EFF877 /* SearchItemViewController.swift */; };
		44EAED682BEE06D90045FBCC /* ItemDetailViewController.swift in Sources */ = {isa = PBXBuildFile; fileRef = 44EAED672BEE06D90045FBCC /* ItemDetailViewController.swift */; };
		44FF33422BF083B2005DEEBD /* DBManager.swift in Sources */ = {isa = PBXBuildFile; fileRef = 44FF33412BF083B2005DEEBD /* DBManager.swift */; };
		44FF336C2BF1E55D005DEEBD /* LocationModel.swift in Sources */ = {isa = PBXBuildFile; fileRef = 44FF336B2BF1E55D005DEEBD /* LocationModel.swift */; };
		44FF33702BF1E81F005DEEBD /* SectionModel.swift in Sources */ = {isa = PBXBuildFile; fileRef = 44FF336F2BF1E81F005DEEBD /* SectionModel.swift */; };
		44FF33722BF1E833005DEEBD /* ContainerModel.swift in Sources */ = {isa = PBXBuildFile; fileRef = 44FF33712BF1E833005DEEBD /* ContainerModel.swift */; };
		44FF33742BF1E840005DEEBD /* ItemModel.swift in Sources */ = {isa = PBXBuildFile; fileRef = 44FF33732BF1E840005DEEBD /* ItemModel.swift */; };
		44FF33762BF1E84F005DEEBD /* TagModel.swift in Sources */ = {isa = PBXBuildFile; fileRef = 44FF33752BF1E84F005DEEBD /* TagModel.swift */; };
		44FF33782BF2B8AB005DEEBD /* AddItemViewController.swift in Sources */ = {isa = PBXBuildFile; fileRef = 44FF33772BF2B8AB005DEEBD /* AddItemViewController.swift */; };
/* End PBXBuildFile section */

/* Begin PBXFileReference section */
		443EF4A02BF3E1E1005C1C6D /* AddLSCTViewController.swift */ = {isa = PBXFileReference; lastKnownFileType = sourcecode.swift; path = AddLSCTViewController.swift; sourceTree = "<group>"; };
		443EF4A22BF43EC0005C1C6D /* Container+CoreDataClass.swift */ = {isa = PBXFileReference; lastKnownFileType = sourcecode.swift; path = "Container+CoreDataClass.swift"; sourceTree = "<group>"; };
		443EF4A32BF43EC0005C1C6D /* Container+CoreDataProperties.swift */ = {isa = PBXFileReference; lastKnownFileType = sourcecode.swift; path = "Container+CoreDataProperties.swift"; sourceTree = "<group>"; };
		443EF4A42BF43EC0005C1C6D /* Location+CoreDataClass.swift */ = {isa = PBXFileReference; lastKnownFileType = sourcecode.swift; path = "Location+CoreDataClass.swift"; sourceTree = "<group>"; };
		443EF4A52BF43EC0005C1C6D /* Location+CoreDataProperties.swift */ = {isa = PBXFileReference; lastKnownFileType = sourcecode.swift; path = "Location+CoreDataProperties.swift"; sourceTree = "<group>"; };
		443EF4A62BF43EC0005C1C6D /* Section+CoreDataClass.swift */ = {isa = PBXFileReference; lastKnownFileType = sourcecode.swift; path = "Section+CoreDataClass.swift"; sourceTree = "<group>"; };
		443EF4A72BF43EC0005C1C6D /* Section+CoreDataProperties.swift */ = {isa = PBXFileReference; lastKnownFileType = sourcecode.swift; path = "Section+CoreDataProperties.swift"; sourceTree = "<group>"; };
		443EF4A82BF43EC0005C1C6D /* Tag+CoreDataClass.swift */ = {isa = PBXFileReference; lastKnownFileType = sourcecode.swift; path = "Tag+CoreDataClass.swift"; sourceTree = "<group>"; };
		443EF4A92BF43EC0005C1C6D /* Tag+CoreDataProperties.swift */ = {isa = PBXFileReference; lastKnownFileType = sourcecode.swift; path = "Tag+CoreDataProperties.swift"; sourceTree = "<group>"; };
		443EF4AA2BF43EC0005C1C6D /* Item+CoreDataClass.swift */ = {isa = PBXFileReference; lastKnownFileType = sourcecode.swift; path = "Item+CoreDataClass.swift"; sourceTree = "<group>"; };
		443EF4AB2BF43EC0005C1C6D /* Item+CoreDataProperties.swift */ = {isa = PBXFileReference; lastKnownFileType = sourcecode.swift; path = "Item+CoreDataProperties.swift"; sourceTree = "<group>"; };
		443EF4B62BF45C64005C1C6D /* AddLocationViewController.swift */ = {isa = PBXFileReference; lastKnownFileType = sourcecode.swift; path = AddLocationViewController.swift; sourceTree = "<group>"; };
		443EF4B82BF45CFA005C1C6D /* AddSectionViewController.swift */ = {isa = PBXFileReference; lastKnownFileType = sourcecode.swift; path = AddSectionViewController.swift; sourceTree = "<group>"; };
		443EF4BA2BF46106005C1C6D /* AddContainerViewController.swift */ = {isa = PBXFileReference; lastKnownFileType = sourcecode.swift; path = AddContainerViewController.swift; sourceTree = "<group>"; };
		443EF4BC2BF46139005C1C6D /* AddContainerTableViewCell.swift */ = {isa = PBXFileReference; lastKnownFileType = sourcecode.swift; path = AddContainerTableViewCell.swift; sourceTree = "<group>"; };
		443EF4BE2BF4616D005C1C6D /* AddLocationTableViewCell.swift */ = {isa = PBXFileReference; lastKnownFileType = sourcecode.swift; path = AddLocationTableViewCell.swift; sourceTree = "<group>"; };
		443EF4C02BF46183005C1C6D /* AddSectionTableViewCell.swift */ = {isa = PBXFileReference; lastKnownFileType = sourcecode.swift; path = AddSectionTableViewCell.swift; sourceTree = "<group>"; };
		4478D1212BF3085700F86393 /* LocationViewController.swift */ = {isa = PBXFileReference; lastKnownFileType = sourcecode.swift; path = LocationViewController.swift; sourceTree = "<group>"; };
		4478D1232BF3088300F86393 /* SectionViewController.swift */ = {isa = PBXFileReference; lastKnownFileType = sourcecode.swift; path = SectionViewController.swift; sourceTree = "<group>"; };
		4478D1252BF3094B00F86393 /* ContainerViewController.swift */ = {isa = PBXFileReference; lastKnownFileType = sourcecode.swift; path = ContainerViewController.swift; sourceTree = "<group>"; };
		4478D1272BF309F400F86393 /* ItemViewController.swift */ = {isa = PBXFileReference; lastKnownFileType = sourcecode.swift; path = ItemViewController.swift; sourceTree = "<group>"; };
		4478D1292BF30DEB00F86393 /* EditItemViewController.swift */ = {isa = PBXFileReference; lastKnownFileType = sourcecode.swift; path = EditItemViewController.swift; sourceTree = "<group>"; };
		4478D12B2BF317F600F86393 /* LocationTableViewCell.swift */ = {isa = PBXFileReference; lastKnownFileType = sourcecode.swift; path = LocationTableViewCell.swift; sourceTree = "<group>"; };
		4478D12D2BF3200E00F86393 /* SectionTableViewCell.swift */ = {isa = PBXFileReference; lastKnownFileType = sourcecode.swift; path = SectionTableViewCell.swift; sourceTree = "<group>"; };
		4478D12F2BF3480500F86393 /* ContainerTableViewCell.swift */ = {isa = PBXFileReference; lastKnownFileType = sourcecode.swift; path = ContainerTableViewCell.swift; sourceTree = "<group>"; };
		4478D1312BF34CDE00F86393 /* ItemTableViewCell.swift */ = {isa = PBXFileReference; lastKnownFileType = sourcecode.swift; path = ItemTableViewCell.swift; sourceTree = "<group>"; };
		4478D1332BF3649500F86393 /* SearchItemTableViewCell.swift */ = {isa = PBXFileReference; lastKnownFileType = sourcecode.swift; path = SearchItemTableViewCell.swift; sourceTree = "<group>"; };
		44869F6C2BEAD74800EFF877 /* SmallBusinessInventoryApp.app */ = {isa = PBXFileReference; explicitFileType = wrapper.application; includeInIndex = 0; path = SmallBusinessInventoryApp.app; sourceTree = BUILT_PRODUCTS_DIR; };
		44869F6F2BEAD74800EFF877 /* AppDelegate.swift */ = {isa = PBXFileReference; lastKnownFileType = sourcecode.swift; path = AppDelegate.swift; sourceTree = "<group>"; };
		44869F712BEAD74800EFF877 /* SceneDelegate.swift */ = {isa = PBXFileReference; lastKnownFileType = sourcecode.swift; path = SceneDelegate.swift; sourceTree = "<group>"; };
		44869F762BEAD74800EFF877 /* Base */ = {isa = PBXFileReference; lastKnownFileType = file.storyboard; name = Base; path = Base.lproj/Main.storyboard; sourceTree = "<group>"; };
		44869F792BEAD74800EFF877 /* SmallBusinessInventoryApp.xcdatamodel */ = {isa = PBXFileReference; lastKnownFileType = wrapper.xcdatamodel; path = SmallBusinessInventoryApp.xcdatamodel; sourceTree = "<group>"; };
		44869F7B2BEAD74F00EFF877 /* Assets.xcassets */ = {isa = PBXFileReference; lastKnownFileType = folder.assetcatalog; path = Assets.xcassets; sourceTree = "<group>"; };
		44869F7E2BEAD74F00EFF877 /* Base */ = {isa = PBXFileReference; lastKnownFileType = file.storyboard; name = Base; path = Base.lproj/LaunchScreen.storyboard; sourceTree = "<group>"; };
		44869F802BEAD74F00EFF877 /* Info.plist */ = {isa = PBXFileReference; lastKnownFileType = text.plist.xml; path = Info.plist; sourceTree = "<group>"; };
		44869F962BEB642000EFF877 /* SearchItemViewController.swift */ = {isa = PBXFileReference; lastKnownFileType = sourcecode.swift; path = SearchItemViewController.swift; sourceTree = "<group>"; };
		44EAED672BEE06D90045FBCC /* ItemDetailViewController.swift */ = {isa = PBXFileReference; lastKnownFileType = sourcecode.swift; path = ItemDetailViewController.swift; sourceTree = "<group>"; };
		44FF33412BF083B2005DEEBD /* DBManager.swift */ = {isa = PBXFileReference; lastKnownFileType = sourcecode.swift; path = DBManager.swift; sourceTree = "<group>"; };
		44FF336B2BF1E55D005DEEBD /* LocationModel.swift */ = {isa = PBXFileReference; lastKnownFileType = sourcecode.swift; path = LocationModel.swift; sourceTree = "<group>"; };
		44FF336F2BF1E81F005DEEBD /* SectionModel.swift */ = {isa = PBXFileReference; lastKnownFileType = sourcecode.swift; path = SectionModel.swift; sourceTree = "<group>"; };
		44FF33712BF1E833005DEEBD /* ContainerModel.swift */ = {isa = PBXFileReference; lastKnownFileType = sourcecode.swift; path = ContainerModel.swift; sourceTree = "<group>"; };
		44FF33732BF1E840005DEEBD /* ItemModel.swift */ = {isa = PBXFileReference; lastKnownFileType = sourcecode.swift; path = ItemModel.swift; sourceTree = "<group>"; };
		44FF33752BF1E84F005DEEBD /* TagModel.swift */ = {isa = PBXFileReference; lastKnownFileType = sourcecode.swift; path = TagModel.swift; sourceTree = "<group>"; };
		44FF33772BF2B8AB005DEEBD /* AddItemViewController.swift */ = {isa = PBXFileReference; lastKnownFileType = sourcecode.swift; path = AddItemViewController.swift; sourceTree = "<group>"; };
/* End PBXFileReference section */

/* Begin PBXFrameworksBuildPhase section */
		44869F692BEAD74800EFF877 /* Frameworks */ = {
			isa = PBXFrameworksBuildPhase;
			buildActionMask = 2147483647;
			files = (
			);
			runOnlyForDeploymentPostprocessing = 0;
		};
/* End PBXFrameworksBuildPhase section */

/* Begin PBXGroup section */
		44869F632BEAD74800EFF877 = {
			isa = PBXGroup;
			children = (
				44869F6E2BEAD74800EFF877 /* SmallBusinessInventoryApp */,
				44869F6D2BEAD74800EFF877 /* Products */,
			);
			sourceTree = "<group>";
		};
		44869F6D2BEAD74800EFF877 /* Products */ = {
			isa = PBXGroup;
			children = (
				44869F6C2BEAD74800EFF877 /* SmallBusinessInventoryApp.app */,
			);
			name = Products;
			sourceTree = "<group>";
		};
		44869F6E2BEAD74800EFF877 /* SmallBusinessInventoryApp */ = {
			isa = PBXGroup;
			children = (
				443EF4A22BF43EC0005C1C6D /* Container+CoreDataClass.swift */,
				443EF4A32BF43EC0005C1C6D /* Container+CoreDataProperties.swift */,
				443EF4A42BF43EC0005C1C6D /* Location+CoreDataClass.swift */,
				443EF4A52BF43EC0005C1C6D /* Location+CoreDataProperties.swift */,
				443EF4A62BF43EC0005C1C6D /* Section+CoreDataClass.swift */,
				443EF4A72BF43EC0005C1C6D /* Section+CoreDataProperties.swift */,
				443EF4A82BF43EC0005C1C6D /* Tag+CoreDataClass.swift */,
				443EF4A92BF43EC0005C1C6D /* Tag+CoreDataProperties.swift */,
				443EF4AA2BF43EC0005C1C6D /* Item+CoreDataClass.swift */,
				443EF4AB2BF43EC0005C1C6D /* Item+CoreDataProperties.swift */,
				44FF336B2BF1E55D005DEEBD /* LocationModel.swift */,
				44FF336F2BF1E81F005DEEBD /* SectionModel.swift */,
				44FF33712BF1E833005DEEBD /* ContainerModel.swift */,
				44FF33732BF1E840005DEEBD /* ItemModel.swift */,
				44FF33752BF1E84F005DEEBD /* TagModel.swift */,
				44869F6F2BEAD74800EFF877 /* AppDelegate.swift */,
				44869F712BEAD74800EFF877 /* SceneDelegate.swift */,
				44FF33412BF083B2005DEEBD /* DBManager.swift */,
				443EF4B62BF45C64005C1C6D /* AddLocationViewController.swift */,
				443EF4BE2BF4616D005C1C6D /* AddLocationTableViewCell.swift */,
				443EF4B82BF45CFA005C1C6D /* AddSectionViewController.swift */,
				443EF4C02BF46183005C1C6D /* AddSectionTableViewCell.swift */,
				443EF4BA2BF46106005C1C6D /* AddContainerViewController.swift */,
				443EF4BC2BF46139005C1C6D /* AddContainerTableViewCell.swift */,
				44FF33772BF2B8AB005DEEBD /* AddItemViewController.swift */,
				443EF4A02BF3E1E1005C1C6D /* AddLSCTViewController.swift */,
				44869F752BEAD74800EFF877 /* Main.storyboard */,
				44869F7B2BEAD74F00EFF877 /* Assets.xcassets */,
				44869F7D2BEAD74F00EFF877 /* LaunchScreen.storyboard */,
				44869F802BEAD74F00EFF877 /* Info.plist */,
				44869F782BEAD74800EFF877 /* SmallBusinessInventoryApp.xcdatamodeld */,
				4478D1212BF3085700F86393 /* LocationViewController.swift */,
				4478D12B2BF317F600F86393 /* LocationTableViewCell.swift */,
				4478D1232BF3088300F86393 /* SectionViewController.swift */,
				4478D12D2BF3200E00F86393 /* SectionTableViewCell.swift */,
				4478D1252BF3094B00F86393 /* ContainerViewController.swift */,
				4478D12F2BF3480500F86393 /* ContainerTableViewCell.swift */,
				4478D1272BF309F400F86393 /* ItemViewController.swift */,
				4478D1312BF34CDE00F86393 /* ItemTableViewCell.swift */,
				44EAED672BEE06D90045FBCC /* ItemDetailViewController.swift */,
				44869F962BEB642000EFF877 /* SearchItemViewController.swift */,
				4478D1332BF3649500F86393 /* SearchItemTableViewCell.swift */,
				4478D1292BF30DEB00F86393 /* EditItemViewController.swift */,
			);
			path = SmallBusinessInventoryApp;
			sourceTree = "<group>";
		};
/* End PBXGroup section */

/* Begin PBXNativeTarget section */
		44869F6B2BEAD74800EFF877 /* SmallBusinessInventoryApp */ = {
			isa = PBXNativeTarget;
			buildConfigurationList = 44869F832BEAD74F00EFF877 /* Build configuration list for PBXNativeTarget "SmallBusinessInventoryApp" */;
			buildPhases = (
				44869F682BEAD74800EFF877 /* Sources */,
				44869F692BEAD74800EFF877 /* Frameworks */,
				44869F6A2BEAD74800EFF877 /* Resources */,
			);
			buildRules = (
			);
			dependencies = (
			);
			name = SmallBusinessInventoryApp;
			productName = SmallBusinessInventoryApp;
			productReference = 44869F6C2BEAD74800EFF877 /* SmallBusinessInventoryApp.app */;
			productType = "com.apple.product-type.application";
		};
/* End PBXNativeTarget section */

/* Begin PBXProject section */
		44869F642BEAD74800EFF877 /* Project object */ = {
			isa = PBXProject;
			attributes = {
				BuildIndependentTargetsInParallel = 1;
				LastSwiftUpdateCheck = 1530;
				LastUpgradeCheck = 1530;
				TargetAttributes = {
					44869F6B2BEAD74800EFF877 = {
						CreatedOnToolsVersion = 15.3;
					};
				};
			};
			buildConfigurationList = 44869F672BEAD74800EFF877 /* Build configuration list for PBXProject "SmallBusinessInventoryApp" */;
			compatibilityVersion = "Xcode 14.0";
			developmentRegion = en;
			hasScannedForEncodings = 0;
			knownRegions = (
				en,
				Base,
			);
			mainGroup = 44869F632BEAD74800EFF877;
			productRefGroup = 44869F6D2BEAD74800EFF877 /* Products */;
			projectDirPath = "";
			projectRoot = "";
			targets = (
				44869F6B2BEAD74800EFF877 /* SmallBusinessInventoryApp */,
			);
		};
/* End PBXProject section */

/* Begin PBXResourcesBuildPhase section */
		44869F6A2BEAD74800EFF877 /* Resources */ = {
			isa = PBXResourcesBuildPhase;
			buildActionMask = 2147483647;
			files = (
				44869F7C2BEAD74F00EFF877 /* Assets.xcassets in Resources */,
				44869F7F2BEAD74F00EFF877 /* Base in Resources */,
				44869F772BEAD74800EFF877 /* Base in Resources */,
			);
			runOnlyForDeploymentPostprocessing = 0;
		};
/* End PBXResourcesBuildPhase section */

/* Begin PBXSourcesBuildPhase section */
		44869F682BEAD74800EFF877 /* Sources */ = {
			isa = PBXSourcesBuildPhase;
			buildActionMask = 2147483647;
			files = (
				4478D1342BF3649500F86393 /* SearchItemTableViewCell.swift in Sources */,
				44FF33762BF1E84F005DEEBD /* TagModel.swift in Sources */,
				4478D12E2BF3200E00F86393 /* SectionTableViewCell.swift in Sources */,
				4478D12A2BF30DEB00F86393 /* EditItemViewController.swift in Sources */,
				44869F972BEB642000EFF877 /* SearchItemViewController.swift in Sources */,
				44FF33742BF1E840005DEEBD /* ItemModel.swift in Sources */,
				443EF4BF2BF4616D005C1C6D /* AddLocationTableViewCell.swift in Sources */,
				4478D1282BF309F400F86393 /* ItemViewController.swift in Sources */,
				44FF336C2BF1E55D005DEEBD /* LocationModel.swift in Sources */,
				44869F702BEAD74800EFF877 /* AppDelegate.swift in Sources */,
				44FF33782BF2B8AB005DEEBD /* AddItemViewController.swift in Sources */,
				443EF4B92BF45CFA005C1C6D /* AddSectionViewController.swift in Sources */,
				44EAED682BEE06D90045FBCC /* ItemDetailViewController.swift in Sources */,
				4478D1222BF3085700F86393 /* LocationViewController.swift in Sources */,
				44FF33722BF1E833005DEEBD /* ContainerModel.swift in Sources */,
				44FF33702BF1E81F005DEEBD /* SectionModel.swift in Sources */,
				443EF4A12BF3E1E1005C1C6D /* AddLSCTViewController.swift in Sources */,
				4478D1242BF3088300F86393 /* SectionViewController.swift in Sources */,
				443EF4C12BF46183005C1C6D /* AddSectionTableViewCell.swift in Sources */,
				4478D12C2BF317F600F86393 /* LocationTableViewCell.swift in Sources */,
				4478D1302BF3480500F86393 /* ContainerTableViewCell.swift in Sources */,
				44869F7A2BEAD74800EFF877 /* SmallBusinessInventoryApp.xcdatamodeld in Sources */,
				443EF4BD2BF46139005C1C6D /* AddContainerTableViewCell.swift in Sources */,
				4478D1262BF3094B00F86393 /* ContainerViewController.swift in Sources */,
				44FF33422BF083B2005DEEBD /* DBManager.swift in Sources */,
				4478D1322BF34CDE00F86393 /* ItemTableViewCell.swift in Sources */,
				44869F722BEAD74800EFF877 /* SceneDelegate.swift in Sources */,
				443EF4BB2BF46106005C1C6D /* AddContainerViewController.swift in Sources */,
				443EF4AC2BF43EC0005C1C6D /* Container+CoreDataClass.swift in Sources */,
				443EF4AD2BF43EC0005C1C6D /* Container+CoreDataProperties.swift in Sources */,
				443EF4AE2BF43EC0005C1C6D /* Location+CoreDataClass.swift in Sources */,
				443EF4AF2BF43EC0005C1C6D /* Location+CoreDataProperties.swift in Sources */,
				443EF4B02BF43EC0005C1C6D /* Section+CoreDataClass.swift in Sources */,
				443EF4B12BF43EC0005C1C6D /* Section+CoreDataProperties.swift in Sources */,
				443EF4B22BF43EC0005C1C6D /* Tag+CoreDataClass.swift in Sources */,
				443EF4B32BF43EC0005C1C6D /* Tag+CoreDataProperties.swift in Sources */,
				443EF4B72BF45C64005C1C6D /* AddLocationViewController.swift in Sources */,
				443EF4B42BF43EC0005C1C6D /* Item+CoreDataClass.swift in Sources */,
				443EF4B52BF43EC0005C1C6D /* Item+CoreDataProperties.swift in Sources */,
			);
			runOnlyForDeploymentPostprocessing = 0;
		};
/* End PBXSourcesBuildPhase section */

/* Begin PBXVariantGroup section */
		44869F752BEAD74800EFF877 /* Main.storyboard */ = {
			isa = PBXVariantGroup;
			children = (
				44869F762BEAD74800EFF877 /* Base */,
			);
			name = Main.storyboard;
			sourceTree = "<group>";
		};
		44869F7D2BEAD74F00EFF877 /* LaunchScreen.storyboard */ = {
			isa = PBXVariantGroup;
			children = (
				44869F7E2BEAD74F00EFF877 /* Base */,
			);
			name = LaunchScreen.storyboard;
			sourceTree = "<group>";
		};
/* End PBXVariantGroup section */

/* Begin XCBuildConfiguration section */
		44869F812BEAD74F00EFF877 /* Debug */ = {
			isa = XCBuildConfiguration;
			buildSettings = {
				ALWAYS_SEARCH_USER_PATHS = NO;
				ASSETCATALOG_COMPILER_GENERATE_SWIFT_ASSET_SYMBOL_EXTENSIONS = YES;
				CLANG_ANALYZER_NONNULL = YES;
				CLANG_ANALYZER_NUMBER_OBJECT_CONVERSION = YES_AGGRESSIVE;
				CLANG_CXX_LANGUAGE_STANDARD = "gnu++20";
				CLANG_ENABLE_MODULES = YES;
				CLANG_ENABLE_OBJC_ARC = YES;
				CLANG_ENABLE_OBJC_WEAK = YES;
				CLANG_WARN_BLOCK_CAPTURE_AUTORELEASING = YES;
				CLANG_WARN_BOOL_CONVERSION = YES;
				CLANG_WARN_COMMA = YES;
				CLANG_WARN_CONSTANT_CONVERSION = YES;
				CLANG_WARN_DEPRECATED_OBJC_IMPLEMENTATIONS = YES;
				CLANG_WARN_DIRECT_OBJC_ISA_USAGE = YES_ERROR;
				CLANG_WARN_DOCUMENTATION_COMMENTS = YES;
				CLANG_WARN_EMPTY_BODY = YES;
				CLANG_WARN_ENUM_CONVERSION = YES;
				CLANG_WARN_INFINITE_RECURSION = YES;
				CLANG_WARN_INT_CONVERSION = YES;
				CLANG_WARN_NON_LITERAL_NULL_CONVERSION = YES;
				CLANG_WARN_OBJC_IMPLICIT_RETAIN_SELF = YES;
				CLANG_WARN_OBJC_LITERAL_CONVERSION = YES;
				CLANG_WARN_OBJC_ROOT_CLASS = YES_ERROR;
				CLANG_WARN_QUOTED_INCLUDE_IN_FRAMEWORK_HEADER = YES;
				CLANG_WARN_RANGE_LOOP_ANALYSIS = YES;
				CLANG_WARN_STRICT_PROTOTYPES = YES;
				CLANG_WARN_SUSPICIOUS_MOVE = YES;
				CLANG_WARN_UNGUARDED_AVAILABILITY = YES_AGGRESSIVE;
				CLANG_WARN_UNREACHABLE_CODE = YES;
				CLANG_WARN__DUPLICATE_METHOD_MATCH = YES;
				COPY_PHASE_STRIP = NO;
				DEBUG_INFORMATION_FORMAT = dwarf;
				ENABLE_STRICT_OBJC_MSGSEND = YES;
				ENABLE_TESTABILITY = YES;
				ENABLE_USER_SCRIPT_SANDBOXING = YES;
				GCC_C_LANGUAGE_STANDARD = gnu17;
				GCC_DYNAMIC_NO_PIC = NO;
				GCC_NO_COMMON_BLOCKS = YES;
				GCC_OPTIMIZATION_LEVEL = 0;
				GCC_PREPROCESSOR_DEFINITIONS = (
					"DEBUG=1",
					"$(inherited)",
				);
				GCC_WARN_64_TO_32_BIT_CONVERSION = YES;
				GCC_WARN_ABOUT_RETURN_TYPE = YES_ERROR;
				GCC_WARN_UNDECLARED_SELECTOR = YES;
				GCC_WARN_UNINITIALIZED_AUTOS = YES_AGGRESSIVE;
				GCC_WARN_UNUSED_FUNCTION = YES;
				GCC_WARN_UNUSED_VARIABLE = YES;
				IPHONEOS_DEPLOYMENT_TARGET = 17.4;
				LOCALIZATION_PREFERS_STRING_CATALOGS = YES;
				MTL_ENABLE_DEBUG_INFO = INCLUDE_SOURCE;
				MTL_FAST_MATH = YES;
				ONLY_ACTIVE_ARCH = YES;
				SDKROOT = iphoneos;
				SWIFT_ACTIVE_COMPILATION_CONDITIONS = "DEBUG $(inherited)";
				SWIFT_OPTIMIZATION_LEVEL = "-Onone";
			};
			name = Debug;
		};
		44869F822BEAD74F00EFF877 /* Release */ = {
			isa = XCBuildConfiguration;
			buildSettings = {
				ALWAYS_SEARCH_USER_PATHS = NO;
				ASSETCATALOG_COMPILER_GENERATE_SWIFT_ASSET_SYMBOL_EXTENSIONS = YES;
				CLANG_ANALYZER_NONNULL = YES;
				CLANG_ANALYZER_NUMBER_OBJECT_CONVERSION = YES_AGGRESSIVE;
				CLANG_CXX_LANGUAGE_STANDARD = "gnu++20";
				CLANG_ENABLE_MODULES = YES;
				CLANG_ENABLE_OBJC_ARC = YES;
				CLANG_ENABLE_OBJC_WEAK = YES;
				CLANG_WARN_BLOCK_CAPTURE_AUTORELEASING = YES;
				CLANG_WARN_BOOL_CONVERSION = YES;
				CLANG_WARN_COMMA = YES;
				CLANG_WARN_CONSTANT_CONVERSION = YES;
				CLANG_WARN_DEPRECATED_OBJC_IMPLEMENTATIONS = YES;
				CLANG_WARN_DIRECT_OBJC_ISA_USAGE = YES_ERROR;
				CLANG_WARN_DOCUMENTATION_COMMENTS = YES;
				CLANG_WARN_EMPTY_BODY = YES;
				CLANG_WARN_ENUM_CONVERSION = YES;
				CLANG_WARN_INFINITE_RECURSION = YES;
				CLANG_WARN_INT_CONVERSION = YES;
				CLANG_WARN_NON_LITERAL_NULL_CONVERSION = YES;
				CLANG_WARN_OBJC_IMPLICIT_RETAIN_SELF = YES;
				CLANG_WARN_OBJC_LITERAL_CONVERSION = YES;
				CLANG_WARN_OBJC_ROOT_CLASS = YES_ERROR;
				CLANG_WARN_QUOTED_INCLUDE_IN_FRAMEWORK_HEADER = YES;
				CLANG_WARN_RANGE_LOOP_ANALYSIS = YES;
				CLANG_WARN_STRICT_PROTOTYPES = YES;
				CLANG_WARN_SUSPICIOUS_MOVE = YES;
				CLANG_WARN_UNGUARDED_AVAILABILITY = YES_AGGRESSIVE;
				CLANG_WARN_UNREACHABLE_CODE = YES;
				CLANG_WARN__DUPLICATE_METHOD_MATCH = YES;
				COPY_PHASE_STRIP = NO;
				DEBUG_INFORMATION_FORMAT = "dwarf-with-dsym";
				ENABLE_NS_ASSERTIONS = NO;
				ENABLE_STRICT_OBJC_MSGSEND = YES;
				ENABLE_USER_SCRIPT_SANDBOXING = YES;
				GCC_C_LANGUAGE_STANDARD = gnu17;
				GCC_NO_COMMON_BLOCKS = YES;
				GCC_WARN_64_TO_32_BIT_CONVERSION = YES;
				GCC_WARN_ABOUT_RETURN_TYPE = YES_ERROR;
				GCC_WARN_UNDECLARED_SELECTOR = YES;
				GCC_WARN_UNINITIALIZED_AUTOS = YES_AGGRESSIVE;
				GCC_WARN_UNUSED_FUNCTION = YES;
				GCC_WARN_UNUSED_VARIABLE = YES;
				IPHONEOS_DEPLOYMENT_TARGET = 17.4;
				LOCALIZATION_PREFERS_STRING_CATALOGS = YES;
				MTL_ENABLE_DEBUG_INFO = NO;
				MTL_FAST_MATH = YES;
				SDKROOT = iphoneos;
				SWIFT_COMPILATION_MODE = wholemodule;
				VALIDATE_PRODUCT = YES;
			};
			name = Release;
		};
		44869F842BEAD74F00EFF877 /* Debug */ = {
			isa = XCBuildConfiguration;
			buildSettings = {
				ASSETCATALOG_COMPILER_APPICON_NAME = AppIcon;
				ASSETCATALOG_COMPILER_GLOBAL_ACCENT_COLOR_NAME = AccentColor;
				CODE_SIGN_STYLE = Automatic;
				CURRENT_PROJECT_VERSION = 1;
				DEVELOPMENT_TEAM = 4968R3GVM5;
				GENERATE_INFOPLIST_FILE = YES;
				INFOPLIST_FILE = SmallBusinessInventoryApp/Info.plist;
				INFOPLIST_KEY_UIApplicationSupportsIndirectInputEvents = YES;
				INFOPLIST_KEY_UILaunchStoryboardName = LaunchScreen;
				INFOPLIST_KEY_UIMainStoryboardFile = Main;
				INFOPLIST_KEY_UISupportedInterfaceOrientations_iPad = "UIInterfaceOrientationPortrait UIInterfaceOrientationPortraitUpsideDown UIInterfaceOrientationLandscapeLeft UIInterfaceOrientationLandscapeRight";
				INFOPLIST_KEY_UISupportedInterfaceOrientations_iPhone = "UIInterfaceOrientationPortrait UIInterfaceOrientationLandscapeLeft UIInterfaceOrientationLandscapeRight";
				IPHONEOS_DEPLOYMENT_TARGET = 15.0;
				LD_RUNPATH_SEARCH_PATHS = (
					"$(inherited)",
					"@executable_path/Frameworks",
				);
				MARKETING_VERSION = 1.0;
				PRODUCT_BUNDLE_IDENTIFIER = com.organizationname.SmallBusinessInventoryApp;
				PRODUCT_NAME = "$(TARGET_NAME)";
				SWIFT_EMIT_LOC_STRINGS = YES;
				SWIFT_VERSION = 5.0;
				TARGETED_DEVICE_FAMILY = "1,2";
			};
			name = Debug;
		};
		44869F852BEAD74F00EFF877 /* Release */ = {
			isa = XCBuildConfiguration;
			buildSettings = {
				ASSETCATALOG_COMPILER_APPICON_NAME = AppIcon;
				ASSETCATALOG_COMPILER_GLOBAL_ACCENT_COLOR_NAME = AccentColor;
				CODE_SIGN_STYLE = Automatic;
				CURRENT_PROJECT_VERSION = 1;
				DEVELOPMENT_TEAM = 4968R3GVM5;
				GENERATE_INFOPLIST_FILE = YES;
				INFOPLIST_FILE = SmallBusinessInventoryApp/Info.plist;
				INFOPLIST_KEY_UIApplicationSupportsIndirectInputEvents = YES;
				INFOPLIST_KEY_UILaunchStoryboardName = LaunchScreen;
				INFOPLIST_KEY_UIMainStoryboardFile = Main;
				INFOPLIST_KEY_UISupportedInterfaceOrientations_iPad = "UIInterfaceOrientationPortrait UIInterfaceOrientationPortraitUpsideDown UIInterfaceOrientationLandscapeLeft UIInterfaceOrientationLandscapeRight";
				INFOPLIST_KEY_UISupportedInterfaceOrientations_iPhone = "UIInterfaceOrientationPortrait UIInterfaceOrientationLandscapeLeft UIInterfaceOrientationLandscapeRight";
				IPHONEOS_DEPLOYMENT_TARGET = 15.0;
				LD_RUNPATH_SEARCH_PATHS = (
					"$(inherited)",
					"@executable_path/Frameworks",
				);
				MARKETING_VERSION = 1.0;
				PRODUCT_BUNDLE_IDENTIFIER = com.organizationname.SmallBusinessInventoryApp;
				PRODUCT_NAME = "$(TARGET_NAME)";
				SWIFT_EMIT_LOC_STRINGS = YES;
				SWIFT_VERSION = 5.0;
				TARGETED_DEVICE_FAMILY = "1,2";
			};
			name = Release;
		};
/* End XCBuildConfiguration section */

/* Begin XCConfigurationList section */
		44869F672BEAD74800EFF877 /* Build configuration list for PBXProject "SmallBusinessInventoryApp" */ = {
			isa = XCConfigurationList;
			buildConfigurations = (
				44869F812BEAD74F00EFF877 /* Debug */,
				44869F822BEAD74F00EFF877 /* Release */,
			);
			defaultConfigurationIsVisible = 0;
			defaultConfigurationName = Release;
		};
		44869F832BEAD74F00EFF877 /* Build configuration list for PBXNativeTarget "SmallBusinessInventoryApp" */ = {
			isa = XCConfigurationList;
			buildConfigurations = (
				44869F842BEAD74F00EFF877 /* Debug */,
				44869F852BEAD74F00EFF877 /* Release */,
			);
			defaultConfigurationIsVisible = 0;
			defaultConfigurationName = Release;
		};
/* End XCConfigurationList section */

/* Begin XCVersionGroup section */
		44869F782BEAD74800EFF877 /* SmallBusinessInventoryApp.xcdatamodeld */ = {
			isa = XCVersionGroup;
			children = (
				44869F792BEAD74800EFF877 /* SmallBusinessInventoryApp.xcdatamodel */,
			);
			currentVersion = 44869F792BEAD74800EFF877 /* SmallBusinessInventoryApp.xcdatamodel */;
			path = SmallBusinessInventoryApp.xcdatamodeld;
			sourceTree = "<group>";
			versionGroupType = wrapper.xcdatamodel;
		};
/* End XCVersionGroup section */
	};
	rootObject = 44869F642BEAD74800EFF877 /* Project object */;
}
